# This file is automatically @generated by Poetry 1.5.5 and should not be changed by hand.

[[package]]
name = "dnslib"
version = "0.9.25"
description = "Simple library to encode/decode DNS wire-format packets"
optional = false
python-versions = "*"
files = [
    {file = "dnslib-0.9.25-py3-none-any.whl", hash = "sha256:013699e4740ebfb6908060b6216c6b932ba3a2747bc10526796887c0ffb4922d"},
    {file = "dnslib-0.9.25.tar.gz", hash = "sha256:687df2086e28086cb32b947dafa4c0a4e613f1429baa3be61d8b94e69418b4ef"},
]

[[package]]
name = "miniupnpc"
version = "2.2.8"
description = "MiniUPnP IGD client"
optional = false
python-versions = "*"
files = [
    {file = "miniupnpc-2.2.8-cp27-cp27m-win32.whl", hash = "sha256:138b891bb3df637b55300aa0c460ba7d80e34123bd8055f33b23b5875c154cd2"},
    {file = "miniupnpc-2.2.8-cp310-cp310-macosx_11_0_arm64.whl", hash = "sha256:5a2abf9fc96ddc79934eefe58d58be1ec5f485893dee66b19e55dcf821d1c200"},
    {file = "miniupnpc-2.2.8-cp310-cp310-macosx_11_0_universal2.whl", hash = "sha256:073dfbd900c99e0f381f768427564582d411144968fb67be24689a9b3e715f26"},
    {file = "miniupnpc-2.2.8-cp310-cp310-macosx_11_0_x86_64.whl", hash = "sha256:ac1e6a9a98283e76518c367d4e347e9b8cdca1ae6e00e76b740e872e042b5890"},
    {file = "miniupnpc-2.2.8-cp310-cp310-manylinux_2_12_x86_64.manylinux2010_x86_64.whl", hash = "sha256:6f462ae7c85c0a8ecd5a9c638ac8f089753c8f2db12b12fb27c0e8e1f150f409"},
    {file = "miniupnpc-2.2.8-cp310-cp310-manylinux_2_17_aarch64.manylinux2014_aarch64.whl", hash = "sha256:f89699e2c4e6ee09ac7b0a29bde8b85ea0806f5f94161001e52c42e6d872f2c4"},
    {file = "miniupnpc-2.2.8-cp310-cp310-win32.whl", hash = "sha256:4f48ba22eff9daeae322ad4e215f64579671f006559774fdc84319425305336f"},
    {file = "miniupnpc-2.2.8-cp310-cp310-win_amd64.whl", hash = "sha256:439c295f1c6043f1596dc1bc02fbf95874e56051466684e57d4e36b50253f262"},
    {file = "miniupnpc-2.2.8-cp311-cp311-macosx_11_0_arm64.whl", hash = "sha256:86301ac2b5c853d77c1ff718b1636247952dfe0e712dd93fe8adba6734c97324"},
    {file = "miniupnpc-2.2.8-cp311-cp311-macosx_11_0_universal2.whl", hash = "sha256:039fc70ff1bb187067ff74767da91e6a0294815b8eedb73b66caf64f0482e536"},
    {file = "miniupnpc-2.2.8-cp311-cp311-macosx_11_0_x86_64.whl", hash = "sha256:7fc492cfb98cdd589a4b18426589f6eb3d303489a5901d234d169cfa9d5c8010"},
    {file = "miniupnpc-2.2.8-cp311-cp311-manylinux_2_17_aarch64.manylinux2014_aarch64.whl", hash = "sha256:d2ccc80fea5090d02cb40f439ebe66404eae0ce37da081ec4b884d37dbe35c2b"},
    {file = "miniupnpc-2.2.8-cp311-cp311-manylinux_2_17_x86_64.manylinux2014_x86_64.whl", hash = "sha256:2f90bff460d4582428999d0085f72e33fe853c8cc0b41463a02160807ef843aa"},
    {file = "miniupnpc-2.2.8-cp311-cp311-win32.whl", hash = "sha256:2aa80cfcc409069cdbbd550baeb535bdb69a9299a5600a3116380a9ee6c2eaf0"},
    {file = "miniupnpc-2.2.8-cp311-cp311-win_amd64.whl", hash = "sha256:cb5cebeec3c38e74129f584cb25710c056ced1c70b652d137f2d33aeba6b0847"},
    {file = "miniupnpc-2.2.8-cp312-cp312-macosx_11_0_arm64.whl", hash = "sha256:8932a8e1f196eccd1589e330520485d3bfadaf67ffa9c9da53bcb3e932913fff"},
    {file = "miniupnpc-2.2.8-cp312-cp312-macosx_11_0_universal2.whl", hash = "sha256:a3d2befdc62c708c56a0e950724d543144a2aaf331e8adfc9e7d46e145727277"},
    {file = "miniupnpc-2.2.8-cp312-cp312-macosx_11_0_x86_64.whl", hash = "sha256:d9896a6f0730fd18d9d99c2cac4e8c9ac5ffcb880073e9611198a5bd262e4423"},
    {file = "miniupnpc-2.2.8-cp312-cp312-manylinux_2_17_aarch64.manylinux2014_aarch64.whl", hash = "sha256:7ae1be6c1b49c5294ed41472ac6968ff13a5f4816bb06ac1127fc907496128fe"},
    {file = "miniupnpc-2.2.8-cp312-cp312-manylinux_2_17_x86_64.manylinux2014_x86_64.whl", hash = "sha256:6db8cec1860f030c0a457fb0e4099cf672b9b493f7c0bc0d7eddb4f18a483ac0"},
    {file = "miniupnpc-2.2.8-cp312-cp312-win32.whl", hash = "sha256:1c043639bc61f726ad71e4f1f9fb2adadf0b3c99890175aa0317cd7bbb3f78ba"},
    {file = "miniupnpc-2.2.8-cp312-cp312-win_amd64.whl", hash = "sha256:8ae6acc23abc262a458ca76a29fc8e4221453d48a3c58ee663e74be3db404b55"},
    {file = "miniupnpc-2.2.8-cp35-cp35m-win32.whl", hash = "sha256:bf00a08cd70c5c4be75a06f3b59bbe3b25deeb1723362740cfbd3d78af8915ee"},
    {file = "miniupnpc-2.2.8-cp36-cp36m-win32.whl", hash = "sha256:b39c324e4c4d0f8557380cec2b5d7667025516de3ca6436adbcf6eeca3010303"},
    {file = "miniupnpc-2.2.8-cp36-cp36m-win_amd64.whl", hash = "sha256:2ce9ca67334a567d08302eb13e07dcfffe15b0d958c04c40ebd04d089a0e1261"},
    {file = "miniupnpc-2.2.8-cp37-cp37m-macosx_11_0_x86_64.whl", hash = "sha256:25edd446f69b64ffcb847f8aa6f3550d3558b03159f0039051573854e019fc87"},
    {file = "miniupnpc-2.2.8-cp37-cp37m-manylinux_2_12_x86_64.manylinux2010_x86_64.whl", hash = "sha256:f1cdae8b74a46d05bd0d26a1548b074d2406529e7df637bb59ca677f60b16b8b"},
    {file = "miniupnpc-2.2.8-cp37-cp37m-manylinux_2_17_aarch64.manylinux2014_aarch64.whl", hash = "sha256:929a126d9775e36ab3d4378c594309051c40fe0dc3a00e467f182b50f0efe403"},
    {file = "miniupnpc-2.2.8-cp37-cp37m-win32.whl", hash = "sha256:0f7b0255ab09d44fac1b2c634fa3e377e8b7270d09ccef0d33c574e408765cb3"},
    {file = "miniupnpc-2.2.8-cp37-cp37m-win_amd64.whl", hash = "sha256:d377d8a0e7f06139fd7876b314bd9f705458ef8818a198bb225aa2643a44cd49"},
    {file = "miniupnpc-2.2.8-cp38-cp38-macosx_11_0_universal2.whl", hash = "sha256:d5c19e2b5a7e70be4e32798bac652f564f3a1155e3dcaba311e386210ad05afc"},
    {file = "miniupnpc-2.2.8-cp38-cp38-macosx_11_0_x86_64.whl", hash = "sha256:0820c92495f966405fa3896a21fa0cb4d14ab77cda4d0bd23d6efba30bbab754"},
    {file = "miniupnpc-2.2.8-cp38-cp38-manylinux_2_12_x86_64.manylinux2010_x86_64.whl", hash = "sha256:f7b079aaa32f50411be54083dd65e5e2f0ac3d6e2cccbb4a18e621dd87394820"},
    {file = "miniupnpc-2.2.8-cp38-cp38-manylinux_2_17_aarch64.manylinux2014_aarch64.whl", hash = "sha256:6ca5c3727e3e8f874be340bbb043657c573ee13214a196381ec28e3a78b30312"},
    {file = "miniupnpc-2.2.8-cp38-cp38-win32.whl", hash = "sha256:fbeb8bfad863c971305ac465f281a7f070964977113007fbcfb9ce3d1b88ceac"},
    {file = "miniupnpc-2.2.8-cp38-cp38-win_amd64.whl", hash = "sha256:30d5e15405c6c0675cbdca475eb0e5ab64301345f48886900119d72bdfb8d848"},
    {file = "miniupnpc-2.2.8-cp39-cp39-macosx_11_0_universal2.whl", hash = "sha256:023623d59909e94e5a1abff27ae64d047b3e4fd0ca8d136fd9319f1c327af3e5"},
    {file = "miniupnpc-2.2.8-cp39-cp39-macosx_11_0_x86_64.whl", hash = "sha256:95d0368eac4bf0427875abffa3083cbe0c962e4bab6bf98a629cb48d827226ff"},
    {file = "miniupnpc-2.2.8-cp39-cp39-manylinux_2_12_x86_64.manylinux2010_x86_64.whl", hash = "sha256:d13853819a92a111014cf7bcef0dcae0e825c3f43242b7861183a705ccfdb23d"},
    {file = "miniupnpc-2.2.8-cp39-cp39-manylinux_2_17_aarch64.manylinux2014_aarch64.whl", hash = "sha256:2e9b10ba95998429198712a1075e11251408fa5e0b4217720b51e78df337e319"},
    {file = "miniupnpc-2.2.8-cp39-cp39-win32.whl", hash = "sha256:677ef508b7b4a4b6d21eba21dc7114add7e4a5601f0512f73b8b2be428c52c34"},
    {file = "miniupnpc-2.2.8-cp39-cp39-win_amd64.whl", hash = "sha256:210b1ca8edbc6d482c416e06f02f33970d547439f72fa2297b10da11164f8dcd"},
    {file = "miniupnpc-2.2.8.tar.gz", hash = "sha256:2b0a4d565fad6536471d9296f69ddafd2d276495ba9597ed8c12bd10291150ca"},
]

[metadata]
lock-version = "2.0"
python-versions = ">=3.10.0,<3.12"
content-hash = "05bf0474391c089ce35de49e375477a4778237c8d3469b498453a5d58c39f254"
